
Microsoft Visual Studio Solution File, Format Version 12.00
# Visual Studio Version 16
VisualStudioVersion = 16.0.29326.143
MinimumVisualStudioVersion = 10.0.40219.1
Project("{9A19103F-16F7-4668-BE54-9A1E7A4F7556}") = "StoreApp.Application", "StoreApp\StoreApp.Application.csproj", "{9506D6EC-01E0-4005-AA45-74A86EC2061F}"
EndProject
Project("{9A19103F-16F7-4668-BE54-9A1E7A4F7556}") = "StoreApp.Library", "StoreApp.Library\StoreApp.Library.csproj", "{ECF2294D-D260-490D-B974-9394FF876D2E}"
EndProject
Project("{9A19103F-16F7-4668-BE54-9A1E7A4F7556}") = "StoreApp.Test", "StoreApp.Test\StoreApp.Test.csproj", "{5C772989-DEC4-4579-A829-28D6EE892EE6}"
EndProject
Project("{FAE04EC0-301F-11D3-BF4B-00C04F79EFBC}") = "StoreApp.DataAccess", "StoreApp.DataAccess\StoreApp.DataAccess.csproj", "{3B2B3686-C6D1-4F70-B546-4ECC1DB4B6C2}"
EndProject
Global
	GlobalSection(SolutionConfigurationPlatforms) = preSolution
		Debug|Any CPU = Debug|Any CPU
		Release|Any CPU = Release|Any CPU
	EndGlobalSection
	GlobalSection(ProjectConfigurationPlatforms) = postSolution
		{9506D6EC-01E0-4005-AA45-74A86EC2061F}.Debug|Any CPU.ActiveCfg = Debug|Any CPU
		{9506D6EC-01E0-4005-AA45-74A86EC2061F}.Debug|Any CPU.Build.0 = Debug|Any CPU
		{9506D6EC-01E0-4005-AA45-74A86EC2061F}.Release|Any CPU.ActiveCfg = Release|Any CPU
		{9506D6EC-01E0-4005-AA45-74A86EC2061F}.Release|Any CPU.Build.0 = Release|Any CPU
		{ECF2294D-D260-490D-B974-9394FF876D2E}.Debug|Any CPU.ActiveCfg = Debug|Any CPU
		{ECF2294D-D260-490D-B974-9394FF876D2E}.Debug|Any CPU.Build.0 = Debug|Any CPU
		{ECF2294D-D260-490D-B974-9394FF876D2E}.Release|Any CPU.ActiveCfg = Release|Any CPU
		{ECF2294D-D260-490D-B974-9394FF876D2E}.Release|Any CPU.Build.0 = Release|Any CPU
		{5C772989-DEC4-4579-A829-28D6EE892EE6}.Debug|Any CPU.ActiveCfg = Debug|Any CPU
		{5C772989-DEC4-4579-A829-28D6EE892EE6}.Debug|Any CPU.Build.0 = Debug|Any CPU
		{5C772989-DEC4-4579-A829-28D6EE892EE6}.Release|Any CPU.ActiveCfg = Release|Any CPU
		{5C772989-DEC4-4579-A829-28D6EE892EE6}.Release|Any CPU.Build.0 = Release|Any CPU
		{3B2B3686-C6D1-4F70-B546-4ECC1DB4B6C2}.Debug|Any CPU.ActiveCfg = Debug|Any CPU
		{3B2B3686-C6D1-4F70-B546-4ECC1DB4B6C2}.Debug|Any CPU.Build.0 = Debug|Any CPU
		{3B2B3686-C6D1-4F70-B546-4ECC1DB4B6C2}.Release|Any CPU.ActiveCfg = Release|Any CPU
		{3B2B3686-C6D1-4F70-B546-4ECC1DB4B6C2}.Release|Any CPU.Build.0 = Release|Any CPU
	EndGlobalSection
	GlobalSection(SolutionProperties) = preSolution
		HideSolutionNode = FALSE
	EndGlobalSection
	GlobalSection(ExtensibilityGlobals) = postSolution
		SolutionGuid = {E9E916F1-FAB6-4105-8764-CBF45EC1F87D}
	EndGlobalSection
EndGlobal
